
Microsoft Visual Studio Solution File, Format Version 12.00
# Visual Studio 15
VisualStudioVersion = 15.0.28010.2036
MinimumVisualStudioVersion = 10.0.40219.1
Project("{8BC9CEB8-8B4A-11D0-8D11-00A0C91BC942}") = "HW6", "HW6\HW6.vcxproj", "{8A6DE485-E28D-42F2-A300-5F1D794FE875}"
EndProject
Global
	GlobalSection(SolutionConfigurationPlatforms) = preSolution
		Debug|x64 = Debug|x64
		Debug|x86 = Debug|x86
		Release|x64 = Release|x64
		Release|x86 = Release|x86
	EndGlobalSection
	GlobalSection(ProjectConfigurationPlatforms) = postSolution
		{8A6DE485-E28D-42F2-A300-5F1D794FE875}.Debug|x64.ActiveCfg = Debug|x64
		{8A6DE485-E28D-42F2-A300-5F1D794FE875}.Debug|x64.Build.0 = Debug|x64
		{8A6DE485-E28D-42F2-A300-5F1D794FE875}.Debug|x86.ActiveCfg = Debug|Win32
		{8A6DE485-E28D-42F2-A300-5F1D794FE875}.Debug|x86.Build.0 = Debug|Win32
		{8A6DE485-E28D-42F2-A300-5F1D794FE875}.Release|x64.ActiveCfg = Release|x64
		{8A6DE485-E28D-42F2-A300-5F1D794FE875}.Release|x64.Build.0 = Release|x64
		{8A6DE485-E28D-42F2-A300-5F1D794FE875}.Release|x86.ActiveCfg = Release|Win32
		{8A6DE485-E28D-42F2-A300-5F1D794FE875}.Release|x86.Build.0 = Release|Win32
	EndGlobalSection
	GlobalSection(SolutionProperties) = preSolution
		HideSolutionNode = FALSE
	EndGlobalSection
	GlobalSection(ExtensibilityGlobals) = postSolution
		SolutionGuid = {C82B7149-87F9-4174-9BF3-C600754EEDA1}
	EndGlobalSection
EndGlobal
